
Microsoft Visual Studio Solution File, Format Version 12.00
# Visual Studio Version 17
VisualStudioVersion = 17.5.33530.505
MinimumVisualStudioVersion = 10.0.40219.1
Project("{8BC9CEB8-8B4A-11D0-8D11-00A0C91BC942}") = "MT3", "MT3.vcxproj", "{9F999E20-21F7-4669-A152-5FD7BD16C98B}"
EndProject
Global
	GlobalSection(SolutionConfigurationPlatforms) = preSolution
		Debug|x64 = Debug|x64
		Release|x64 = Release|x64
	EndGlobalSection
	GlobalSection(ProjectConfigurationPlatforms) = postSolution
		{9F999E20-21F7-4669-A152-5FD7BD16C98B}.Debug|x64.ActiveCfg = Debug|x64
		{9F999E20-21F7-4669-A152-5FD7BD16C98B}.Debug|x64.Build.0 = Debug|x64
		{9F999E20-21F7-4669-A152-5FD7BD16C98B}.Release|x64.ActiveCfg = Release|x64
		{9F999E20-21F7-4669-A152-5FD7BD16C98B}.Release|x64.Build.0 = Release|x64
	EndGlobalSection
	GlobalSection(SolutionProperties) = preSolution
		HideSolutionNode = FALSE
	EndGlobalSection
	GlobalSection(ExtensibilityGlobals) = postSolution
		SolutionGuid = {9FCBDCE3-0130-44A7-852E-0BF4A6B1B94A}
	EndGlobalSection
EndGlobal
